// !$*UTF8*$!
{
	archiveVersion = 1;
	classes = {
	};
	objectVersion = 46;
	objects = {

/* Begin PBXBuildFile section */
		2B6654FF152DB85800FFA350 /* UIKit.framework in Frameworks */ = {isa = PBXBuildFile; fileRef = 2B6654FE152DB85800FFA350 /* UIKit.framework */; };
		2B665501152DB85800FFA350 /* Foundation.framework in Frameworks */ = {isa = PBXBuildFile; fileRef = 2B665500152DB85800FFA350 /* Foundation.framework */; };
		2B665503152DB85800FFA350 /* CoreGraphics.framework in Frameworks */ = {isa = PBXBuildFile; fileRef = 2B665502152DB85800FFA350 /* CoreGraphics.framework */; };
		2B665509152DB85800FFA350 /* InfoPlist.strings in Resources */ = {isa = PBXBuildFile; fileRef = 2B665507152DB85800FFA350 /* InfoPlist.strings */; };
		2B66550B152DB85800FFA350 /* main.m in Sources */ = {isa = PBXBuildFile; fileRef = 2B66550A152DB85800FFA350 /* main.m */; };
		2B66550F152DB85800FFA350 /* AppDelegate.m in Sources */ = {isa = PBXBuildFile; fileRef = 2B66550E152DB85800FFA350 /* AppDelegate.m */; };
		2B665512152DB85800FFA350 /* ViewController.m in Sources */ = {isa = PBXBuildFile; fileRef = 2B665511152DB85800FFA350 /* ViewController.m */; };
		2B665515152DB85800FFA350 /* ViewController.xib in Resources */ = {isa = PBXBuildFile; fileRef = 2B665513152DB85800FFA350 /* ViewController.xib */; };
/* End PBXBuildFile section */

/* Begin PBXFileReference section */
		2B6654FA152DB85800FFA350 /* TestHudson.app */ = {isa = PBXFileReference; explicitFileType = wrapper.application; includeInIndex = 0; path = TestHudson.app; sourceTree = BUILT_PRODUCTS_DIR; };
		2B6654FE152DB85800FFA350 /* UIKit.framework */ = {isa = PBXFileReference; lastKnownFileType = wrapper.framework; name = UIKit.framework; path = System/Library/Frameworks/UIKit.framework; sourceTree = SDKROOT; };
		2B665500152DB85800FFA350 /* Foundation.framework */ = {isa = PBXFileReference; lastKnownFileType = wrapper.framework; name = Foundation.framework; path = System/Library/Frameworks/Foundation.framework; sourceTree = SDKROOT; };
		2B665502152DB85800FFA350 /* CoreGraphics.framework */ = {isa = PBXFileReference; lastKnownFileType = wrapper.framework; name = CoreGraphics.framework; path = System/Library/Frameworks/CoreGraphics.framework; sourceTree = SDKROOT; };
		2B665506152DB85800FFA350 /* TestHudson-Info.plist */ = {isa = PBXFileReference; lastKnownFileType = text.plist.xml; path = "TestHudson-Info.plist"; sourceTree = "<group>"; };
		2B665508152DB85800FFA350 /* en */ = {isa = PBXFileReference; lastKnownFileType = text.plist.strings; name = en; path = en.lproj/InfoPlist.strings; sourceTree = "<group>"; };
		2B66550A152DB85800FFA350 /* main.m */ = {isa = PBXFileReference; lastKnownFileType = sourcecode.c.objc; path = main.m; sourceTree = "<group>"; };
		2B66550C152DB85800FFA350 /* TestHudson-Prefix.pch */ = {isa = PBXFileReference; lastKnownFileType = sourcecode.c.h; path = "TestHudson-Prefix.pch"; sourceTree = "<group>"; };
		2B66550D152DB85800FFA350 /* AppDelegate.h */ = {isa = PBXFileReference; lastKnownFileType = sourcecode.c.h; path = AppDelegate.h; sourceTree = "<group>"; };
		2B66550E152DB85800FFA350 /* AppDelegate.m */ = {isa = PBXFileReference; lastKnownFileType = sourcecode.c.objc; path = AppDelegate.m; sourceTree = "<group>"; };
		2B665510152DB85800FFA350 /* ViewController.h */ = {isa = PBXFileReference; lastKnownFileType = sourcecode.c.h; path = ViewController.h; sourceTree = "<group>"; };
		2B665511152DB85800FFA350 /* ViewController.m */ = {isa = PBXFileReference; lastKnownFileType = sourcecode.c.objc; path = ViewController.m; sourceTree = "<group>"; };
		2B665514152DB85800FFA350 /* en */ = {isa = PBXFileReference; lastKnownFileType = file.xib; name = en; path = en.lproj/ViewController.xib; sourceTree = "<group>"; };
/* End PBXFileReference section */

/* Begin PBXFrameworksBuildPhase section */
		2B6654F7152DB85800FFA350 /* Frameworks */ = {
			isa = PBXFrameworksBuildPhase;
			buildActionMask = 2147483647;
			files = (
				2B6654FF152DB85800FFA350 /* UIKit.framework in Frameworks */,
				2B665501152DB85800FFA350 /* Foundation.framework in Frameworks */,
				2B665503152DB85800FFA350 /* CoreGraphics.framework in Frameworks */,
			);
			runOnlyForDeploymentPostprocessing = 0;
		};
/* End PBXFrameworksBuildPhase section */

/* Begin PBXGroup section */
		2B6654EF152DB85800FFA350 = {
			isa = PBXGroup;
			children = (
				2B665504152DB85800FFA350 /* TestHudson */,
				2B6654FD152DB85800FFA350 /* Frameworks */,
				2B6654FB152DB85800FFA350 /* Products */,
			);
			sourceTree = "<group>";
		};
		2B6654FB152DB85800FFA350 /* Products */ = {
			isa = PBXGroup;
			children = (
				2B6654FA152DB85800FFA350 /* TestHudson.app */,
			);
			name = Products;
			sourceTree = "<group>";
		};
		2B6654FD152DB85800FFA350 /* Frameworks */ = {
			isa = PBXGroup;
			children = (
				2B6654FE152DB85800FFA350 /* UIKit.framework */,
				2B665500152DB85800FFA350 /* Foundation.framework */,
				2B665502152DB85800FFA350 /* CoreGraphics.framework */,
			);
			name = Frameworks;
			sourceTree = "<group>";
		};
		2B665504152DB85800FFA350 /* TestHudson */ = {
			isa = PBXGroup;
			children = (
				2B66550D152DB85800FFA350 /* AppDelegate.h */,
				2B66550E152DB85800FFA350 /* AppDelegate.m */,
				2B665510152DB85800FFA350 /* ViewController.h */,
				2B665511152DB85800FFA350 /* ViewController.m */,
				2B665513152DB85800FFA350 /* ViewController.xib */,
				2B665505152DB85800FFA350 /* Supporting Files */,
			);
			path = TestHudson;
			sourceTree = "<group>";
		};
		2B665505152DB85800FFA350 /* Supporting Files */ = {
			isa = PBXGroup;
			children = (
				2B665506152DB85800FFA350 /* TestHudson-Info.plist */,
				2B665507152DB85800FFA350 /* InfoPlist.strings */,
				2B66550A152DB85800FFA350 /* main.m */,
				2B66550C152DB85800FFA350 /* TestHudson-Prefix.pch */,
			);
			name = "Supporting Files";
			sourceTree = "<group>";
		};
/* End PBXGroup section */

/* Begin PBXNativeTarget section */
		2B6654F9152DB85800FFA350 /* TestHudson */ = {
			isa = PBXNativeTarget;
			buildConfigurationList = 2B665518152DB85800FFA350 /* Build configuration list for PBXNativeTarget "TestHudson" */;
			buildPhases = (
				2B6654F6152DB85800FFA350 /* Sources */,
				2B6654F7152DB85800FFA350 /* Frameworks */,
				2B6654F8152DB85800FFA350 /* Resources */,
			);
			buildRules = (
			);
			dependencies = (
			);
			name = TestHudson;
			productName = TestHudson;
			productReference = 2B6654FA152DB85800FFA350 /* TestHudson.app */;
			productType = "com.apple.product-type.application";
		};
/* End PBXNativeTarget section */

/* Begin PBXProject section */
		2B6654F1152DB85800FFA350 /* Project object */ = {
			isa = PBXProject;
			attributes = {
				LastUpgradeCheck = 0430;
				ORGANIZATIONNAME = VeriQual;
			};
			buildConfigurationList = 2B6654F4152DB85800FFA350 /* Build configuration list for PBXProject "TestHudson" */;
			compatibilityVersion = "Xcode 3.2";
			developmentRegion = English;
			hasScannedForEncodings = 0;
			knownRegions = (
				en,
			);
			mainGroup = 2B6654EF152DB85800FFA350;
			productRefGroup = 2B6654FB152DB85800FFA350 /* Products */;
			projectDirPath = "";
			projectRoot = "";
			targets = (
				2B6654F9152DB85800FFA350 /* TestHudson */,
			);
		};
/* End PBXProject section */

/* Begin PBXResourcesBuildPhase section */
		2B6654F8152DB85800FFA350 /* Resources */ = {
			isa = PBXResourcesBuildPhase;
			buildActionMask = 2147483647;
			files = (
				2B665509152DB85800FFA350 /* InfoPlist.strings in Resources */,
				2B665515152DB85800FFA350 /* ViewController.xib in Resources */,
			);
			runOnlyForDeploymentPostprocessing = 0;
		};
/* End PBXResourcesBuildPhase section */

/* Begin PBXSourcesBuildPhase section */
		2B6654F6152DB85800FFA350 /* Sources */ = {
			isa = PBXSourcesBuildPhase;
			buildActionMask = 2147483647;
			files = (
				2B66550B152DB85800FFA350 /* main.m in Sources */,
				2B66550F152DB85800FFA350 /* AppDelegate.m in Sources */,
				2B665512152DB85800FFA350 /* ViewController.m in Sources */,
			);
			runOnlyForDeploymentPostprocessing = 0;
		};
/* End PBXSourcesBuildPhase section */

/* Begin PBXVariantGroup section */
		2B665507152DB85800FFA350 /* InfoPlist.strings */ = {
			isa = PBXVariantGroup;
			children = (
				2B665508152DB85800FFA350 /* en */,
			);
			name = InfoPlist.strings;
			sourceTree = "<group>";
		};
		2B665513152DB85800FFA350 /* ViewController.xib */ = {
			isa = PBXVariantGroup;
			children = (
				2B665514152DB85800FFA350 /* en */,
			);
			name = ViewController.xib;
			sourceTree = "<group>";
		};
/* End PBXVariantGroup section */

/* Begin XCBuildConfiguration section */
		2B665516152DB85800FFA350 /* Debug */ = {
			isa = XCBuildConfiguration;
			buildSettings = {
				ALWAYS_SEARCH_USER_PATHS = NO;
				ARCHS = "$(ARCHS_STANDARD_32_BIT)";
				"CODE_SIGN_IDENTITY[sdk=iphoneos*]" = "iPhone Developer: Erika  Peace (ZD854HYTFX)";
				COPY_PHASE_STRIP = NO;
				GCC_C_LANGUAGE_STANDARD = gnu99;
				GCC_DYNAMIC_NO_PIC = NO;
				GCC_OPTIMIZATION_LEVEL = 0;
				GCC_PREPROCESSOR_DEFINITIONS = (
					"DEBUG=1",
					"$(inherited)",
				);
				GCC_SYMBOLS_PRIVATE_EXTERN = NO;
				GCC_VERSION = com.apple.compilers.llvm.clang.1_0;
				GCC_WARN_ABOUT_RETURN_TYPE = YES;
				GCC_WARN_UNINITIALIZED_AUTOS = YES;
				GCC_WARN_UNUSED_VARIABLE = YES;
				IPHONEOS_DEPLOYMENT_TARGET = 5.0;
				"PROVISIONING_PROFILE[sdk=iphoneos*]" = "52902D86-0513-43D0-93CC-A85CE5CF02EF";
				SDKROOT = iphoneos;
			};
			name = Debug;
		};
		2B665517152DB85800FFA350 /* Release */ = {
			isa = XCBuildConfiguration;
			buildSettings = {
				ALWAYS_SEARCH_USER_PATHS = NO;
				ARCHS = "$(ARCHS_STANDARD_32_BIT)";
				"CODE_SIGN_IDENTITY[sdk=iphoneos*]" = "iPhone Distribution: ICS Nett, Inc";
				COPY_PHASE_STRIP = YES;
				GCC_C_LANGUAGE_STANDARD = gnu99;
				GCC_VERSION = com.apple.compilers.llvm.clang.1_0;
				GCC_WARN_ABOUT_RETURN_TYPE = YES;
				GCC_WARN_UNINITIALIZED_AUTOS = YES;
				GCC_WARN_UNUSED_VARIABLE = YES;
				IPHONEOS_DEPLOYMENT_TARGET = 5.0;
				OTHER_CFLAGS = "-DNS_BLOCK_ASSERTIONS=1";
				"PROVISIONING_PROFILE[sdk=iphoneos*]" = "9E9E6665-BE93-4839-9C8D-2AF967FB98A8";
				SDKROOT = iphoneos;
				VALIDATE_PRODUCT = YES;
			};
			name = Release;
		};
		2B665519152DB85800FFA350 /* Debug */ = {
			isa = XCBuildConfiguration;
			buildSettings = {
				GCC_PRECOMPILE_PREFIX_HEADER = YES;
				GCC_PREFIX_HEADER = "TestHudson/TestHudson-Prefix.pch";
				INFOPLIST_FILE = "TestHudson/TestHudson-Info.plist";
				IPHONEOS_DEPLOYMENT_TARGET = 5.0;
				PRODUCT_NAME = "$(TARGET_NAME)";
				WRAPPER_EXTENSION = app;
			};
			name = Debug;
		};
		2B66551A152DB85800FFA350 /* Release */ = {
			isa = XCBuildConfiguration;
			buildSettings = {
				GCC_PRECOMPILE_PREFIX_HEADER = YES;
				GCC_PREFIX_HEADER = "TestHudson/TestHudson-Prefix.pch";
				INFOPLIST_FILE = "TestHudson/TestHudson-Info.plist";
				IPHONEOS_DEPLOYMENT_TARGET = 5.0;
				PRODUCT_NAME = "$(TARGET_NAME)";
				WRAPPER_EXTENSION = app;
			};
			name = Release;
		};
/* End XCBuildConfiguration section */

/* Begin XCConfigurationList section */
		2B6654F4152DB85800FFA350 /* Build configuration list for PBXProject "TestHudson" */ = {
			isa = XCConfigurationList;
			buildConfigurations = (
				2B665516152DB85800FFA350 /* Debug */,
				2B665517152DB85800FFA350 /* Release */,
			);
			defaultConfigurationIsVisible = 0;
			defaultConfigurationName = Release;
		};
		2B665518152DB85800FFA350 /* Build configuration list for PBXNativeTarget "TestHudson" */ = {
			isa = XCConfigurationList;
			buildConfigurations = (
				2B665519152DB85800FFA350 /* Debug */,
				2B66551A152DB85800FFA350 /* Release */,
			);
			defaultConfigurationIsVisible = 0;
			defaultConfigurationName = Release;
		};
/* End XCConfigurationList section */
	};
	rootObject = 2B6654F1152DB85800FFA350 /* Project object */;
}
